// !$*UTF8*$!
{
	archiveVersion = 1;
	classes = {
	};
	objectVersion = 46;
	objects = {

/* Begin PBXBuildFile section */
		C51F5B7C1BCEBDDA00F3D7C0 /* AppDelegate.swift in Sources */ = {isa = PBXBuildFile; fileRef = C51F5B7B1BCEBDDA00F3D7C0 /* AppDelegate.swift */; };
		C51F5B7E1BCEBDDA00F3D7C0 /* ViewController.swift in Sources */ = {isa = PBXBuildFile; fileRef = C51F5B7D1BCEBDDA00F3D7C0 /* ViewController.swift */; };
		C51F5B811BCEBDDA00F3D7C0 /* Main.storyboard in Resources */ = {isa = PBXBuildFile; fileRef = C51F5B7F1BCEBDDA00F3D7C0 /* Main.storyboard */; };
		C51F5B831BCEBDDA00F3D7C0 /* Images.xcassets in Resources */ = {isa = PBXBuildFile; fileRef = C51F5B821BCEBDDA00F3D7C0 /* Images.xcassets */; };
		C51F5B861BCEBDDA00F3D7C0 /* LaunchScreen.xib in Resources */ = {isa = PBXBuildFile; fileRef = C51F5B841BCEBDDA00F3D7C0 /* LaunchScreen.xib */; };
		C51F5B921BCEBDDB00F3D7C0 /* MapsSpikeTests.swift in Sources */ = {isa = PBXBuildFile; fileRef = C51F5B911BCEBDDB00F3D7C0 /* MapsSpikeTests.swift */; };
/* End PBXBuildFile section */

/* Begin PBXContainerItemProxy section */
		C51F5B8C1BCEBDDB00F3D7C0 /* PBXContainerItemProxy */ = {
			isa = PBXContainerItemProxy;
			containerPortal = C51F5B6E1BCEBDDA00F3D7C0 /* Project object */;
			proxyType = 1;
			remoteGlobalIDString = C51F5B751BCEBDDA00F3D7C0;
			remoteInfo = MapsSpike;
		};
/* End PBXContainerItemProxy section */

/* Begin PBXFileReference section */
		C51F5B761BCEBDDA00F3D7C0 /* MapsSpike.app */ = {isa = PBXFileReference; explicitFileType = wrapper.application; includeInIndex = 0; path = MapsSpike.app; sourceTree = BUILT_PRODUCTS_DIR; };
		C51F5B7A1BCEBDDA00F3D7C0 /* Info.plist */ = {isa = PBXFileReference; lastKnownFileType = text.plist.xml; path = Info.plist; sourceTree = "<group>"; };
		C51F5B7B1BCEBDDA00F3D7C0 /* AppDelegate.swift */ = {isa = PBXFileReference; lastKnownFileType = sourcecode.swift; path = AppDelegate.swift; sourceTree = "<group>"; };
		C51F5B7D1BCEBDDA00F3D7C0 /* ViewController.swift */ = {isa = PBXFileReference; lastKnownFileType = sourcecode.swift; path = ViewController.swift; sourceTree = "<group>"; };
		C51F5B801BCEBDDA00F3D7C0 /* Base */ = {isa = PBXFileReference; lastKnownFileType = file.storyboard; name = Base; path = Base.lproj/Main.storyboard; sourceTree = "<group>"; };
		C51F5B821BCEBDDA00F3D7C0 /* Images.xcassets */ = {isa = PBXFileReference; lastKnownFileType = folder.assetcatalog; path = Images.xcassets; sourceTree = "<group>"; };
		C51F5B851BCEBDDA00F3D7C0 /* Base */ = {isa = PBXFileReference; lastKnownFileType = file.xib; name = Base; path = Base.lproj/LaunchScreen.xib; sourceTree = "<group>"; };
		C51F5B8B1BCEBDDB00F3D7C0 /* MapsSpikeTests.xctest */ = {isa = PBXFileReference; explicitFileType = wrapper.cfbundle; includeInIndex = 0; path = MapsSpikeTests.xctest; sourceTree = BUILT_PRODUCTS_DIR; };
		C51F5B901BCEBDDB00F3D7C0 /* Info.plist */ = {isa = PBXFileReference; lastKnownFileType = text.plist.xml; path = Info.plist; sourceTree = "<group>"; };
		C51F5B911BCEBDDB00F3D7C0 /* MapsSpikeTests.swift */ = {isa = PBXFileReference; lastKnownFileType = sourcecode.swift; path = MapsSpikeTests.swift; sourceTree = "<group>"; };
/* End PBXFileReference section */

/* Begin PBXFrameworksBuildPhase section */
		C51F5B731BCEBDDA00F3D7C0 /* Frameworks */ = {
			isa = PBXFrameworksBuildPhase;
			buildActionMask = 2147483647;
			files = (
			);
			runOnlyForDeploymentPostprocessing = 0;
		};
		C51F5B881BCEBDDB00F3D7C0 /* Frameworks */ = {
			isa = PBXFrameworksBuildPhase;
			buildActionMask = 2147483647;
			files = (
			);
			runOnlyForDeploymentPostprocessing = 0;
		};
/* End PBXFrameworksBuildPhase section */

/* Begin PBXGroup section */
		C51F5B6D1BCEBDDA00F3D7C0 = {
			isa = PBXGroup;
			children = (
				C51F5B781BCEBDDA00F3D7C0 /* MapsSpike */,
				C51F5B8E1BCEBDDB00F3D7C0 /* MapsSpikeTests */,
				C51F5B771BCEBDDA00F3D7C0 /* Products */,
			);
			sourceTree = "<group>";
		};
		C51F5B771BCEBDDA00F3D7C0 /* Products */ = {
			isa = PBXGroup;
			children = (
				C51F5B761BCEBDDA00F3D7C0 /* MapsSpike.app */,
				C51F5B8B1BCEBDDB00F3D7C0 /* MapsSpikeTests.xctest */,
			);
			name = Products;
			sourceTree = "<group>";
		};
		C51F5B781BCEBDDA00F3D7C0 /* MapsSpike */ = {
			isa = PBXGroup;
			children = (
				C51F5B7B1BCEBDDA00F3D7C0 /* AppDelegate.swift */,
				C51F5B7D1BCEBDDA00F3D7C0 /* ViewController.swift */,
				C51F5B7F1BCEBDDA00F3D7C0 /* Main.storyboard */,
				C51F5B821BCEBDDA00F3D7C0 /* Images.xcassets */,
				C51F5B841BCEBDDA00F3D7C0 /* LaunchScreen.xib */,
				C51F5B791BCEBDDA00F3D7C0 /* Supporting Files */,
			);
			path = MapsSpike;
			sourceTree = "<group>";
		};
		C51F5B791BCEBDDA00F3D7C0 /* Supporting Files */ = {
			isa = PBXGroup;
			children = (
				C51F5B7A1BCEBDDA00F3D7C0 /* Info.plist */,
			);
			name = "Supporting Files";
			sourceTree = "<group>";
		};
		C51F5B8E1BCEBDDB00F3D7C0 /* MapsSpikeTests */ = {
			isa = PBXGroup;
			children = (
				C51F5B911BCEBDDB00F3D7C0 /* MapsSpikeTests.swift */,
				C51F5B8F1BCEBDDB00F3D7C0 /* Supporting Files */,
			);
			path = MapsSpikeTests;
			sourceTree = "<group>";
		};
		C51F5B8F1BCEBDDB00F3D7C0 /* Supporting Files */ = {
			isa = PBXGroup;
			children = (
				C51F5B901BCEBDDB00F3D7C0 /* Info.plist */,
			);
			name = "Supporting Files";
			sourceTree = "<group>";
		};
/* End PBXGroup section */

/* Begin PBXNativeTarget section */
		C51F5B751BCEBDDA00F3D7C0 /* MapsSpike */ = {
			isa = PBXNativeTarget;
			buildConfigurationList = C51F5B951BCEBDDB00F3D7C0 /* Build configuration list for PBXNativeTarget "MapsSpike" */;
			buildPhases = (
				C51F5B721BCEBDDA00F3D7C0 /* Sources */,
				C51F5B731BCEBDDA00F3D7C0 /* Frameworks */,
				C51F5B741BCEBDDA00F3D7C0 /* Resources */,
			);
			buildRules = (
			);
			dependencies = (
			);
			name = MapsSpike;
			productName = MapsSpike;
			productReference = C51F5B761BCEBDDA00F3D7C0 /* MapsSpike.app */;
			productType = "com.apple.product-type.application";
		};
		C51F5B8A1BCEBDDB00F3D7C0 /* MapsSpikeTests */ = {
			isa = PBXNativeTarget;
			buildConfigurationList = C51F5B981BCEBDDB00F3D7C0 /* Build configuration list for PBXNativeTarget "MapsSpikeTests" */;
			buildPhases = (
				C51F5B871BCEBDDB00F3D7C0 /* Sources */,
				C51F5B881BCEBDDB00F3D7C0 /* Frameworks */,
				C51F5B891BCEBDDB00F3D7C0 /* Resources */,
			);
			buildRules = (
			);
			dependencies = (
				C51F5B8D1BCEBDDB00F3D7C0 /* PBXTargetDependency */,
			);
			name = MapsSpikeTests;
			productName = MapsSpikeTests;
			productReference = C51F5B8B1BCEBDDB00F3D7C0 /* MapsSpikeTests.xctest */;
			productType = "com.apple.product-type.bundle.unit-test";
		};
/* End PBXNativeTarget section */

/* Begin PBXProject section */
		C51F5B6E1BCEBDDA00F3D7C0 /* Project object */ = {
			isa = PBXProject;
			attributes = {
				LastUpgradeCheck = 0630;
				ORGANIZATIONNAME = "Will Wyatt";
				TargetAttributes = {
					C51F5B751BCEBDDA00F3D7C0 = {
						CreatedOnToolsVersion = 6.3.2;
					};
					C51F5B8A1BCEBDDB00F3D7C0 = {
						CreatedOnToolsVersion = 6.3.2;
						TestTargetID = C51F5B751BCEBDDA00F3D7C0;
					};
				};
			};
			buildConfigurationList = C51F5B711BCEBDDA00F3D7C0 /* Build configuration list for PBXProject "MapsSpike" */;
			compatibilityVersion = "Xcode 3.2";
			developmentRegion = English;
			hasScannedForEncodings = 0;
			knownRegions = (
				en,
				Base,
			);
			mainGroup = C51F5B6D1BCEBDDA00F3D7C0;
			productRefGroup = C51F5B771BCEBDDA00F3D7C0 /* Products */;
			projectDirPath = "";
			projectRoot = "";
			targets = (
				C51F5B751BCEBDDA00F3D7C0 /* MapsSpike */,
				C51F5B8A1BCEBDDB00F3D7C0 /* MapsSpikeTests */,
			);
		};
/* End PBXProject section */

/* Begin PBXResourcesBuildPhase section */
		C51F5B741BCEBDDA00F3D7C0 /* Resources */ = {
			isa = PBXResourcesBuildPhase;
			buildActionMask = 2147483647;
			files = (
				C51F5B811BCEBDDA00F3D7C0 /* Main.storyboard in Resources */,
				C51F5B861BCEBDDA00F3D7C0 /* LaunchScreen.xib in Resources */,
				C51F5B831BCEBDDA00F3D7C0 /* Images.xcassets in Resources */,
			);
			runOnlyForDeploymentPostprocessing = 0;
		};
		C51F5B891BCEBDDB00F3D7C0 /* Resources */ = {
			isa = PBXResourcesBuildPhase;
			buildActionMask = 2147483647;
			files = (
			);
			runOnlyForDeploymentPostprocessing = 0;
		};
/* End PBXResourcesBuildPhase section */

/* Begin PBXSourcesBuildPhase section */
		C51F5B721BCEBDDA00F3D7C0 /* Sources */ = {
			isa = PBXSourcesBuildPhase;
			buildActionMask = 2147483647;
			files = (
				C51F5B7E1BCEBDDA00F3D7C0 /* ViewController.swift in Sources */,
				C51F5B7C1BCEBDDA00F3D7C0 /* AppDelegate.swift in Sources */,
			);
			runOnlyForDeploymentPostprocessing = 0;
		};
		C51F5B871BCEBDDB00F3D7C0 /* Sources */ = {
			isa = PBXSourcesBuildPhase;
			buildActionMask = 2147483647;
			files = (
				C51F5B921BCEBDDB00F3D7C0 /* MapsSpikeTests.swift in Sources */,
			);
			runOnlyForDeploymentPostprocessing = 0;
		};
/* End PBXSourcesBuildPhase section */

/* Begin PBXTargetDependency section */
		C51F5B8D1BCEBDDB00F3D7C0 /* PBXTargetDependency */ = {
			isa = PBXTargetDependency;
			target = C51F5B751BCEBDDA00F3D7C0 /* MapsSpike */;
			targetProxy = C51F5B8C1BCEBDDB00F3D7C0 /* PBXContainerItemProxy */;
		};
/* End PBXTargetDependency section */

/* Begin PBXVariantGroup section */
		C51F5B7F1BCEBDDA00F3D7C0 /* Main.storyboard */ = {
			isa = PBXVariantGroup;
			children = (
				C51F5B801BCEBDDA00F3D7C0 /* Base */,
			);
			name = Main.storyboard;
			sourceTree = "<group>";
		};
		C51F5B841BCEBDDA00F3D7C0 /* LaunchScreen.xib */ = {
			isa = PBXVariantGroup;
			children = (
				C51F5B851BCEBDDA00F3D7C0 /* Base */,
			);
			name = LaunchScreen.xib;
			sourceTree = "<group>";
		};
/* End PBXVariantGroup section */

/* Begin XCBuildConfiguration section */
		C51F5B931BCEBDDB00F3D7C0 /* Debug */ = {
			isa = XCBuildConfiguration;
			buildSettings = {
				ALWAYS_SEARCH_USER_PATHS = NO;
				CLANG_CXX_LANGUAGE_STANDARD = "gnu++0x";
				CLANG_CXX_LIBRARY = "libc++";
				CLANG_ENABLE_MODULES = YES;
				CLANG_ENABLE_OBJC_ARC = YES;
				CLANG_WARN_BOOL_CONVERSION = YES;
				CLANG_WARN_CONSTANT_CONVERSION = YES;
				CLANG_WARN_DIRECT_OBJC_ISA_USAGE = YES_ERROR;
				CLANG_WARN_EMPTY_BODY = YES;
				CLANG_WARN_ENUM_CONVERSION = YES;
				CLANG_WARN_INT_CONVERSION = YES;
				CLANG_WARN_OBJC_ROOT_CLASS = YES_ERROR;
				CLANG_WARN_UNREACHABLE_CODE = YES;
				CLANG_WARN__DUPLICATE_METHOD_MATCH = YES;
				"CODE_SIGN_IDENTITY[sdk=iphoneos*]" = "iPhone Developer";
				COPY_PHASE_STRIP = NO;
				DEBUG_INFORMATION_FORMAT = "dwarf-with-dsym";
				ENABLE_STRICT_OBJC_MSGSEND = YES;
				GCC_C_LANGUAGE_STANDARD = gnu99;
				GCC_DYNAMIC_NO_PIC = NO;
				GCC_NO_COMMON_BLOCKS = YES;
				GCC_OPTIMIZATION_LEVEL = 0;
				GCC_PREPROCESSOR_DEFINITIONS = (
					"DEBUG=1",
					"$(inherited)",
				);
				GCC_SYMBOLS_PRIVATE_EXTERN = NO;
				GCC_WARN_64_TO_32_BIT_CONVERSION = YES;
				GCC_WARN_ABOUT_RETURN_TYPE = YES_ERROR;
				GCC_WARN_UNDECLARED_SELECTOR = YES;
				GCC_WARN_UNINITIALIZED_AUTOS = YES_AGGRESSIVE;
				GCC_WARN_UNUSED_FUNCTION = YES;
				GCC_WARN_UNUSED_VARIABLE = YES;
				IPHONEOS_DEPLOYMENT_TARGET = 8.3;
				MTL_ENABLE_DEBUG_INFO = YES;
				ONLY_ACTIVE_ARCH = YES;
				SDKROOT = iphoneos;
				SWIFT_OPTIMIZATION_LEVEL = "-Onone";
				TARGETED_DEVICE_FAMILY = "1,2";
			};
			name = Debug;
		};
		C51F5B941BCEBDDB00F3D7C0 /* Release */ = {
			isa = XCBuildConfiguration;
			buildSettings = {
				ALWAYS_SEARCH_USER_PATHS = NO;
				CLANG_CXX_LANGUAGE_STANDARD = "gnu++0x";
				CLANG_CXX_LIBRARY = "libc++";
				CLANG_ENABLE_MODULES = YES;
				CLANG_ENABLE_OBJC_ARC = YES;
				CLANG_WARN_BOOL_CONVERSION = YES;
				CLANG_WARN_CONSTANT_CONVERSION = YES;
				CLANG_WARN_DIRECT_OBJC_ISA_USAGE = YES_ERROR;
				CLANG_WARN_EMPTY_BODY = YES;
				CLANG_WARN_ENUM_CONVERSION = YES;
				CLANG_WARN_INT_CONVERSION = YES;
				CLANG_WARN_OBJC_ROOT_CLASS = YES_ERROR;
				CLANG_WARN_UNREACHABLE_CODE = YES;
				CLANG_WARN__DUPLICATE_METHOD_MATCH = YES;
				"CODE_SIGN_IDENTITY[sdk=iphoneos*]" = "iPhone Developer";
				COPY_PHASE_STRIP = NO;
				DEBUG_INFORMATION_FORMAT = "dwarf-with-dsym";
				ENABLE_NS_ASSERTIONS = NO;
				ENABLE_STRICT_OBJC_MSGSEND = YES;
				GCC_C_LANGUAGE_STANDARD = gnu99;
				GCC_NO_COMMON_BLOCKS = YES;
				GCC_WARN_64_TO_32_BIT_CONVERSION = YES;
				GCC_WARN_ABOUT_RETURN_TYPE = YES_ERROR;
				GCC_WARN_UNDECLARED_SELECTOR = YES;
				GCC_WARN_UNINITIALIZED_AUTOS = YES_AGGRESSIVE;
				GCC_WARN_UNUSED_FUNCTION = YES;
				GCC_WARN_UNUSED_VARIABLE = YES;
				IPHONEOS_DEPLOYMENT_TARGET = 8.3;
				MTL_ENABLE_DEBUG_INFO = NO;
				SDKROOT = iphoneos;
				TARGETED_DEVICE_FAMILY = "1,2";
				VALIDATE_PRODUCT = YES;
			};
			name = Release;
		};
		C51F5B961BCEBDDB00F3D7C0 /* Debug */ = {
			isa = XCBuildConfiguration;
			buildSettings = {
				ASSETCATALOG_COMPILER_APPICON_NAME = AppIcon;
				INFOPLIST_FILE = MapsSpike/Info.plist;
				LD_RUNPATH_SEARCH_PATHS = "$(inherited) @executable_path/Frameworks";
				PRODUCT_NAME = "$(TARGET_NAME)";
			};
			name = Debug;
		};
		C51F5B971BCEBDDB00F3D7C0 /* Release */ = {
			isa = XCBuildConfiguration;
			buildSettings = {
				ASSETCATALOG_COMPILER_APPICON_NAME = AppIcon;
				INFOPLIST_FILE = MapsSpike/Info.plist;
				LD_RUNPATH_SEARCH_PATHS = "$(inherited) @executable_path/Frameworks";
				PRODUCT_NAME = "$(TARGET_NAME)";
			};
			name = Release;
		};
		C51F5B991BCEBDDB00F3D7C0 /* Debug */ = {
			isa = XCBuildConfiguration;
			buildSettings = {
				BUNDLE_LOADER = "$(TEST_HOST)";
				FRAMEWORK_SEARCH_PATHS = (
					"$(SDKROOT)/Developer/Library/Frameworks",
					"$(inherited)",
				);
				GCC_PREPROCESSOR_DEFINITIONS = (
					"DEBUG=1",
					"$(inherited)",
				);
				INFOPLIST_FILE = MapsSpikeTests/Info.plist;
				LD_RUNPATH_SEARCH_PATHS = "$(inherited) @executable_path/Frameworks @loader_path/Frameworks";
				PRODUCT_NAME = "$(TARGET_NAME)";
				TEST_HOST = "$(BUILT_PRODUCTS_DIR)/MapsSpike.app/MapsSpike";
			};
			name = Debug;
		};
		C51F5B9A1BCEBDDB00F3D7C0 /* Release */ = {
			isa = XCBuildConfiguration;
			buildSettings = {
				BUNDLE_LOADER = "$(TEST_HOST)";
				FRAMEWORK_SEARCH_PATHS = (
					"$(SDKROOT)/Developer/Library/Frameworks",
					"$(inherited)",
				);
				INFOPLIST_FILE = MapsSpikeTests/Info.plist;
				LD_RUNPATH_SEARCH_PATHS = "$(inherited) @executable_path/Frameworks @loader_path/Frameworks";
				PRODUCT_NAME = "$(TARGET_NAME)";
				TEST_HOST = "$(BUILT_PRODUCTS_DIR)/MapsSpike.app/MapsSpike";
			};
			name = Release;
		};
/* End XCBuildConfiguration section */

/* Begin XCConfigurationList section */
		C51F5B711BCEBDDA00F3D7C0 /* Build configuration list for PBXProject "MapsSpike" */ = {
			isa = XCConfigurationList;
			buildConfigurations = (
				C51F5B931BCEBDDB00F3D7C0 /* Debug */,
				C51F5B941BCEBDDB00F3D7C0 /* Release */,
			);
			defaultConfigurationIsVisible = 0;
			defaultConfigurationName = Release;
		};
		C51F5B951BCEBDDB00F3D7C0 /* Build configuration list for PBXNativeTarget "MapsSpike" */ = {
			isa = XCConfigurationList;
			buildConfigurations = (
				C51F5B961BCEBDDB00F3D7C0 /* Debug */,
				C51F5B971BCEBDDB00F3D7C0 /* Release */,
			);
			defaultConfigurationIsVisible = 0;
		};
		C51F5B981BCEBDDB00F3D7C0 /* Build configuration list for PBXNativeTarget "MapsSpikeTests" */ = {
			isa = XCConfigurationList;
			buildConfigurations = (
				C51F5B991BCEBDDB00F3D7C0 /* Debug */,
				C51F5B9A1BCEBDDB00F3D7C0 /* Release */,
			);
			defaultConfigurationIsVisible = 0;
		};
/* End XCConfigurationList section */
	};
	rootObject = C51F5B6E1BCEBDDA00F3D7C0 /* Project object */;
}
